
Microsoft Visual Studio Solution File, Format Version 12.00
# Visual Studio Version 16
VisualStudioVersion = 16.0.29418.71
MinimumVisualStudioVersion = 10.0.40219.1
Project("{FAE04EC0-301F-11D3-BF4B-00C04F79EFBC}") = "ProxyPattern", "ProxyPattern.csproj", "{F3CA24B8-772A-4989-9A88-E1CD0BE90924}"
EndProject
Global
	GlobalSection(SolutionConfigurationPlatforms) = preSolution
		Debug|Any CPU = Debug|Any CPU
		Release|Any CPU = Release|Any CPU
	EndGlobalSection
	GlobalSection(ProjectConfigurationPlatforms) = postSolution
		{F3CA24B8-772A-4989-9A88-E1CD0BE90924}.Debug|Any CPU.ActiveCfg = Debug|Any CPU
		{F3CA24B8-772A-4989-9A88-E1CD0BE90924}.Debug|Any CPU.Build.0 = Debug|Any CPU
		{F3CA24B8-772A-4989-9A88-E1CD0BE90924}.Release|Any CPU.ActiveCfg = Release|Any CPU
		{F3CA24B8-772A-4989-9A88-E1CD0BE90924}.Release|Any CPU.Build.0 = Release|Any CPU
	EndGlobalSection
	GlobalSection(SolutionProperties) = preSolution
		HideSolutionNode = FALSE
	EndGlobalSection
	GlobalSection(ExtensibilityGlobals) = postSolution
		SolutionGuid = {B2675282-2352-43C4-AD7B-F2F745165966}
	EndGlobalSection
EndGlobal
